
Microsoft Visual Studio Solution File, Format Version 12.00
# Visual Studio Version 17
VisualStudioVersion = 17.14.36408.4
MinimumVisualStudioVersion = 10.0.40219.1
Project("{FAE04EC0-301F-11D3-BF4B-00C04F79EFBC}") = "SpotifyClone", "SpotifyClone.csproj", "{4169D27D-AFF9-4473-9234-30B487EA356F}"
EndProject
Project("{FAE04EC0-301F-11D3-BF4B-00C04F79EFBC}") = "SpotyTestProject", "..\SpotyTestProject\SpotyTestProject.csproj", "{3811051D-CD48-4C97-AEDE-D36EED465E4D}"
EndProject
Global
	GlobalSection(SolutionConfigurationPlatforms) = preSolution
		Debug|Any CPU = Debug|Any CPU
		Release|Any CPU = Release|Any CPU
	EndGlobalSection
	GlobalSection(ProjectConfigurationPlatforms) = postSolution
		{4169D27D-AFF9-4473-9234-30B487EA356F}.Debug|Any CPU.ActiveCfg = Debug|Any CPU
		{4169D27D-AFF9-4473-9234-30B487EA356F}.Debug|Any CPU.Build.0 = Debug|Any CPU
		{4169D27D-AFF9-4473-9234-30B487EA356F}.Release|Any CPU.ActiveCfg = Release|Any CPU
		{4169D27D-AFF9-4473-9234-30B487EA356F}.Release|Any CPU.Build.0 = Release|Any CPU
		{3811051D-CD48-4C97-AEDE-D36EED465E4D}.Debug|Any CPU.ActiveCfg = Debug|Any CPU
		{3811051D-CD48-4C97-AEDE-D36EED465E4D}.Debug|Any CPU.Build.0 = Debug|Any CPU
		{3811051D-CD48-4C97-AEDE-D36EED465E4D}.Release|Any CPU.ActiveCfg = Release|Any CPU
		{3811051D-CD48-4C97-AEDE-D36EED465E4D}.Release|Any CPU.Build.0 = Release|Any CPU
	EndGlobalSection
	GlobalSection(SolutionProperties) = preSolution
		HideSolutionNode = FALSE
	EndGlobalSection
	GlobalSection(ExtensibilityGlobals) = postSolution
		SolutionGuid = {123FA8A1-C1AE-4226-AD16-C8DA269F138D}
	EndGlobalSection
EndGlobal
